{
  "nodes": {
    "cargo-chef": {
      "flake": false,
      "locked": {
        "lastModified": 1748696251,
        "narHash": "sha256-bZqiGQ4RmZ0cSwUk+7s+WQIxRMEHzyZikIdhv+ozbME=",
        "owner": "LukeMathWalker",
        "repo": "cargo-chef",
        "rev": "275c5d3298cdbc8a4d83b19d828907991b8665f0",
        "type": "github"
      },
      "original": {
        "owner": "LukeMathWalker",
        "ref": "main",
        "repo": "cargo-chef",
        "type": "github"
      }
    },
    "cargo-rdme": {
      "flake": false,
      "locked": {
        "lastModified": 1718044745,
        "narHash": "sha256-Oa667BTz/PdxZmhGSP+qfPcUbORlk7nP5OrCJyYqVQg=",
        "owner": "orium",
        "repo": "cargo-rdme",
        "rev": "22d756971037ad4c7953db882c5b96a662364f15",
        "type": "github"
      },
      "original": {
        "owner": "orium",
        "ref": "v1.4.4",
        "repo": "cargo-rdme",
        "type": "github"
      }
    },
    "crane": {
      "locked": {
        "lastModified": 1748970125,
        "narHash": "sha256-UDyigbDGv8fvs9aS95yzFfOKkEjx1LO3PL3DsKopohA=",
        "owner": "ipetkov",
        "repo": "crane",
        "rev": "323b5746d89e04b22554b061522dfce9e4c49b18",
        "type": "github"
      },
      "original": {
        "owner": "ipetkov",
        "repo": "crane",
        "type": "github"
      }
    },
    "empty": {
      "flake": false,
      "locked": {
        "lastModified": 1683792623,
        "narHash": "sha256-pQpattmS9VmO3ZIQUFn66az8GSmB4IvYhTTCFn6SUmo=",
        "owner": "steveej",
        "repo": "empty",
        "rev": "8e328e450e4cd32e072eba9e99fe92cf2a1ef5cf",
        "type": "github"
      },
      "original": {
        "owner": "steveej",
        "repo": "empty",
        "type": "github"
      }
    },
    "flake-compat": {
      "flake": false,
      "locked": {
        "lastModified": 1747046372,
        "narHash": "sha256-CIVLLkVgvHYbgI2UpXvIIBJ12HWgX+fjA8Xf8PUmqCY=",
        "owner": "edolstra",
        "repo": "flake-compat",
        "rev": "9100a0f413b0c601e0533d1d94ffd501ce2e7885",
        "type": "github"
      },
      "original": {
        "owner": "edolstra",
        "repo": "flake-compat",
        "type": "github"
      }
    },
    "flake-parts": {
      "inputs": {
        "nixpkgs-lib": "nixpkgs-lib"
      },
      "locked": {
        "lastModified": 1749398372,
        "narHash": "sha256-tYBdgS56eXYaWVW3fsnPQ/nFlgWi/Z2Ymhyu21zVM98=",
        "owner": "hercules-ci",
        "repo": "flake-parts",
        "rev": "9305fe4e5c2a6fcf5ba6a3ff155720fbe4076569",
        "type": "github"
      },
      "original": {
        "id": "flake-parts",
        "type": "indirect"
      }
    },
    "flake-utils": {
      "inputs": {
        "systems": "systems"
      },
      "locked": {
        "lastModified": 1731533236,
        "narHash": "sha256-l0KFg5HjrsfsO/JpG+r7fRrqm12kzFHyUHqHCVpMMbI=",
        "owner": "numtide",
        "repo": "flake-utils",
        "rev": "11707dc2f618dd54ca8739b309ec4fc024de578b",
        "type": "github"
      },
      "original": {
        "owner": "numtide",
        "repo": "flake-utils",
        "type": "github"
      }
    },
    "flake-utils_2": {
      "locked": {
        "lastModified": 1644229661,
        "narHash": "sha256-1YdnJAsNy69bpcjuoKdOYQX0YxZBiCYZo4Twxerqv7k=",
        "owner": "numtide",
        "repo": "flake-utils",
        "rev": "3cecb5b042f7f209c56ffd8371b2711a290ec797",
        "type": "github"
      },
      "original": {
        "owner": "numtide",
        "repo": "flake-utils",
        "type": "github"
      }
    },
    "foundry": {
      "inputs": {
        "flake-utils": "flake-utils_2",
        "nixpkgs": "nixpkgs"
      },
      "locked": {
        "lastModified": 1770110531,
        "narHash": "sha256-lnUgM3JFtUw+/RkYBG8qH2xv86E+R/Iq/yUvVm1GdOc=",
        "owner": "shazow",
        "repo": "foundry.nix",
        "rev": "919f941bb7c231b174f113bf1553766f04b336aa",
        "type": "github"
      },
      "original": {
        "owner": "shazow",
        "ref": "monthly",
        "repo": "foundry.nix",
        "type": "github"
      }
    },
    "holochain": {
      "inputs": {
        "cargo-chef": "cargo-chef",
        "cargo-rdme": "cargo-rdme",
        "crane": "crane",
        "empty": "empty",
        "flake-compat": "flake-compat",
        "flake-parts": "flake-parts",
        "holochain": [
          "holochain",
          "empty"
        ],
        "nix-filter": "nix-filter",
        "nixpkgs": "nixpkgs_2",
        "pre-commit-hooks-nix": "pre-commit-hooks-nix",
        "repo-git": "repo-git",
        "rust-overlay": "rust-overlay",
        "versions": "versions"
      },
      "locked": {
        "lastModified": 1770204447,
        "narHash": "sha256-XKdamNYD65MNmDXzpg0Zv/M8PdTsPqtSf1yGMyhORp8=",
        "owner": "holochain",
        "repo": "holochain",
        "rev": "045c9b9d38f081d404f21d77db603b769358b03e",
        "type": "github"
      },
      "original": {
        "owner": "holochain",
        "repo": "holochain",
        "type": "github"
      }
    },
    "holochain_2": {
      "flake": false,
      "locked": {
        "lastModified": 1741007205,
        "narHash": "sha256-t3L5PrXSfq+47cvDQgJMxZ+W7q2UNhkKRiAZuMv//Lo=",
        "owner": "holochain",
        "repo": "holochain",
        "rev": "5025fb1c3969f9284e31511889e88cabed933ffe",
        "type": "github"
      },
      "original": {
        "owner": "holochain",
        "ref": "holochain-0.5.0-dev.21",
        "repo": "holochain",
        "type": "github"
      }
    },
    "lair": {
      "flake": false,
      "locked": {
        "lastModified": 1732721902,
        "narHash": "sha256-D8sXIpOptaXib5bc6zS7KsGzu4D08jaL8Fx1W/mlADE=",
        "owner": "holochain",
        "repo": "lair",
        "rev": "e82937521ae9b7bdb30c8b0736c13cd4220a0223",
        "type": "github"
      },
      "original": {
        "owner": "holochain",
        "ref": "lair_keystore-v0.5.3",
        "repo": "lair",
        "type": "github"
      }
    },
    "launcher": {
      "flake": false,
      "locked": {
        "lastModified": 1744836432,
        "narHash": "sha256-3hvPYn3pYVhKoRMqDQDcm//N6EPrAqWn84Nb7vqK4mo=",
        "owner": "holochain",
        "repo": "hc-launch",
        "rev": "92b4265ebc971cd0e085f9a26f2ae020d605481f",
        "type": "github"
      },
      "original": {
        "owner": "holochain",
        "ref": "holochain-weekly",
        "repo": "hc-launch",
        "type": "github"
      }
    },
    "nix-filter": {
      "locked": {
        "lastModified": 1731533336,
        "narHash": "sha256-oRam5PS1vcrr5UPgALW0eo1m/5/pls27Z/pabHNy2Ms=",
        "owner": "numtide",
        "repo": "nix-filter",
        "rev": "f7653272fd234696ae94229839a99b73c9ab7de0",
        "type": "github"
      },
      "original": {
        "owner": "numtide",
        "repo": "nix-filter",
        "type": "github"
      }
    },
    "nixpkgs": {
      "locked": {
        "lastModified": 1666753130,
        "narHash": "sha256-Wff1dGPFSneXJLI2c0kkdWTgxnQ416KE6X4KnFkgPYQ=",
        "owner": "NixOS",
        "repo": "nixpkgs",
        "rev": "f540aeda6f677354f1e7144ab04352f61aaa0118",
        "type": "github"
      },
      "original": {
        "id": "nixpkgs",
        "type": "indirect"
      }
    },
    "nixpkgs-lib": {
      "locked": {
        "lastModified": 1748740939,
        "narHash": "sha256-rQaysilft1aVMwF14xIdGS3sj1yHlI6oKQNBRTF40cc=",
        "owner": "nix-community",
        "repo": "nixpkgs.lib",
        "rev": "656a64127e9d791a334452c6b6606d17539476e2",
        "type": "github"
      },
      "original": {
        "owner": "nix-community",
        "repo": "nixpkgs.lib",
        "type": "github"
      }
    },
    "nixpkgs_2": {
      "locked": {
        "lastModified": 1768127708,
        "narHash": "sha256-1Sm77VfZh3mU0F5OqKABNLWxOuDeHIlcFjsXeeiPazs=",
        "owner": "NixOS",
        "repo": "nixpkgs",
        "rev": "ffbc9f8cbaacfb331b6017d5a5abb21a492c9a38",
        "type": "github"
      },
      "original": {
        "id": "nixpkgs",
        "ref": "nixos-unstable",
        "type": "indirect"
      }
    },
    "nixpkgs_3": {
      "locked": {
        "lastModified": 1770197578,
        "narHash": "sha256-AYqlWrX09+HvGs8zM6ebZ1pwUqjkfpnv8mewYwAo+iM=",
        "owner": "NixOS",
        "repo": "nixpkgs",
        "rev": "00c21e4c93d963c50d4c0c89bfa84ed6e0694df2",
        "type": "github"
      },
      "original": {
        "owner": "NixOS",
        "ref": "nixos-unstable",
        "repo": "nixpkgs",
        "type": "github"
      }
    },
    "nixpkgs_4": {
      "locked": {
        "lastModified": 1744536153,
        "narHash": "sha256-awS2zRgF4uTwrOKwwiJcByDzDOdo3Q1rPZbiHQg/N38=",
        "owner": "NixOS",
        "repo": "nixpkgs",
        "rev": "18dd725c29603f582cf1900e0d25f9f1063dbf11",
        "type": "github"
      },
      "original": {
        "owner": "NixOS",
        "ref": "nixpkgs-unstable",
        "repo": "nixpkgs",
        "type": "github"
      }
    },
    "pre-commit-hooks-nix": {
      "flake": false,
      "locked": {
        "lastModified": 1747372754,
        "narHash": "sha256-2Y53NGIX2vxfie1rOW0Qb86vjRZ7ngizoo+bnXU9D9k=",
        "owner": "cachix",
        "repo": "pre-commit-hooks.nix",
        "rev": "80479b6ec16fefd9c1db3ea13aeb038c60530f46",
        "type": "github"
      },
      "original": {
        "owner": "cachix",
        "repo": "pre-commit-hooks.nix",
        "type": "github"
      }
    },
    "repo-git": {
      "flake": false,
      "locked": {
        "narHash": "sha256-d6xi4mKdjkX2JFicDIv5niSzpyI0m/Hnm8GGAIU04kY=",
        "type": "file",
        "url": "file:/dev/null"
      },
      "original": {
        "type": "file",
        "url": "file:/dev/null"
      }
    },
    "root": {
      "inputs": {
        "flake-utils": "flake-utils",
        "foundry": "foundry",
        "holochain": "holochain",
        "nixpkgs": "nixpkgs_3",
        "rust-overlay": "rust-overlay_2"
      }
    },
    "rust-overlay": {
      "inputs": {
        "nixpkgs": [
          "holochain",
          "nixpkgs"
        ]
      },
      "locked": {
        "lastModified": 1768100056,
        "narHash": "sha256-2GWCrsoWIuEXrzdKR2DPnoDhA5SqW7CGNO+Absni054=",
        "owner": "oxalica",
        "repo": "rust-overlay",
        "rev": "71a69fd633552550de7cb05cc149e4a99ff6f3b6",
        "type": "github"
      },
      "original": {
        "owner": "oxalica",
        "repo": "rust-overlay",
        "type": "github"
      }
    },
    "rust-overlay_2": {
      "inputs": {
        "nixpkgs": "nixpkgs_4"
      },
      "locked": {
        "lastModified": 1770260791,
        "narHash": "sha256-ADTBfENFjRVDQMcCycyX/pAy6NFI/Ct6Mrar3gsmXI0=",
        "owner": "oxalica",
        "repo": "rust-overlay",
        "rev": "42ec85352e419e601775c57256a52f6d48a39906",
        "type": "github"
      },
      "original": {
        "owner": "oxalica",
        "repo": "rust-overlay",
        "type": "github"
      }
    },
    "scaffolding": {
      "flake": false,
      "locked": {
        "lastModified": 1743001074,
        "narHash": "sha256-FtFGAFY+d6eEP85PkkyhwD2G9fXx4jrQiNjik3Hyqmk=",
        "owner": "holochain",
        "repo": "scaffolding",
        "rev": "2ad60188fe6a2bba7b68b414f0d6528967d48400",
        "type": "github"
      },
      "original": {
        "owner": "holochain",
        "ref": "holochain-weekly",
        "repo": "scaffolding",
        "type": "github"
      }
    },
    "systems": {
      "locked": {
        "lastModified": 1681028828,
        "narHash": "sha256-Vy1rq5AaRuLzOxct8nz4T6wlgyUR7zLU309k9mBC768=",
        "owner": "nix-systems",
        "repo": "default",
        "rev": "da67096a3b9bf56a91d16901293e51ba5b49a27e",
        "type": "github"
      },
      "original": {
        "owner": "nix-systems",
        "repo": "default",
        "type": "github"
      }
    },
    "versions": {
      "inputs": {
        "holochain": "holochain_2",
        "lair": "lair",
        "launcher": "launcher",
        "scaffolding": "scaffolding"
      },
      "locked": {
        "dir": "versions/weekly",
        "lastModified": 1763465555,
        "narHash": "sha256-jw9Zp9s4Y/+yWFMgtzgIhVkPW+1uEG0S5y6uO+sc5ik=",
        "owner": "holochain",
        "repo": "holochain",
        "rev": "892ec3b0762f9e516d0e7027c0ce0febbb677ebd",
        "type": "github"
      },
      "original": {
        "dir": "versions/weekly",
        "owner": "holochain",
        "repo": "holochain",
        "type": "github"
      }
    }
  },
  "root": "root",
  "version": 7
}
